// !$*UTF8*$!
{
	archiveVersion = 1;
	classes = {
	};
	objectVersion = 55;
	objects = {

/* Begin PBXBuildFile section */
		B875544F4CB9AE796BBA7DC3 /* Pods_EnglishTool.framework in Frameworks */ = {isa = PBXBuildFile; fileRef = 47B6501B7E81B1C5FEC7A652 /* Pods_EnglishTool.framework */; };
		CD63221328FD6FB5005771CD /* EnglishTranslateViewController.m in Sources */ = {isa = PBXBuildFile; fileRef = CD63221128FD6FB5005771CD /* EnglishTranslateViewController.m */; };
		CD63221428FD6FB5005771CD /* EnglishTranslateViewController.xib in Resources */ = {isa = PBXBuildFile; fileRef = CD63221228FD6FB5005771CD /* EnglishTranslateViewController.xib */; };
		CD63221928FE8104005771CD /* CoreLocation.framework in Frameworks */ = {isa = PBXBuildFile; fileRef = CD63221828FE8104005771CD /* CoreLocation.framework */; };
		CD63221B28FE810B005771CD /* libz.tbd in Frameworks */ = {isa = PBXBuildFile; fileRef = CD63221A28FE810B005771CD /* libz.tbd */; };
		CD63221D28FE811B005771CD /* libc++.tbd in Frameworks */ = {isa = PBXBuildFile; fileRef = CD63221C28FE811B005771CD /* libc++.tbd */; };
		CD63221F28FE8125005771CD /* CoreTelephony.framework in Frameworks */ = {isa = PBXBuildFile; fileRef = CD63221E28FE8125005771CD /* CoreTelephony.framework */; };
		CD63222128FE812F005771CD /* AVFoundation.framework in Frameworks */ = {isa = PBXBuildFile; fileRef = CD63222028FE812F005771CD /* AVFoundation.framework */; };
		CD63222328FE813B005771CD /* AddressBook.framework in Frameworks */ = {isa = PBXBuildFile; fileRef = CD63222228FE813B005771CD /* AddressBook.framework */; };
		CD63222528FE8144005771CD /* AVFAudio.framework in Frameworks */ = {isa = PBXBuildFile; fileRef = CD63222428FE8144005771CD /* AVFAudio.framework */; };
		CD63222728FE8156005771CD /* AudioToolbox.framework in Frameworks */ = {isa = PBXBuildFile; fileRef = CD63222628FE8155005771CD /* AudioToolbox.framework */; };
		CD63222928FE8163005771CD /* Contacts.framework in Frameworks */ = {isa = PBXBuildFile; fileRef = CD63222828FE8163005771CD /* Contacts.framework */; };
		CD63222B28FE816A005771CD /* SystemConfiguration.framework in Frameworks */ = {isa = PBXBuildFile; fileRef = CD63222A28FE816A005771CD /* SystemConfiguration.framework */; };
		CD63222D28FE8173005771CD /* QuartzCore.framework in Frameworks */ = {isa = PBXBuildFile; fileRef = CD63222C28FE8173005771CD /* QuartzCore.framework */; };
		CD63222F28FE817B005771CD /* UIKit.framework in Frameworks */ = {isa = PBXBuildFile; fileRef = CD63222E28FE817B005771CD /* UIKit.framework */; };
		CD63223128FE8182005771CD /* Foundation.framework in Frameworks */ = {isa = PBXBuildFile; fileRef = CD63223028FE8182005771CD /* Foundation.framework */; };
		CD63223328FE8189005771CD /* CoreGraphics.framework in Frameworks */ = {isa = PBXBuildFile; fileRef = CD63223228FE8189005771CD /* CoreGraphics.framework */; };
		CD6FF14728F5636B0013266F /* AppDelegate.m in Sources */ = {isa = PBXBuildFile; fileRef = CD6FF14628F5636B0013266F /* AppDelegate.m */; };
		CD6FF15028F5636B0013266F /* Main.storyboard in Resources */ = {isa = PBXBuildFile; fileRef = CD6FF14E28F5636B0013266F /* Main.storyboard */; };
		CD6FF15228F5636D0013266F /* Assets.xcassets in Resources */ = {isa = PBXBuildFile; fileRef = CD6FF15128F5636D0013266F /* Assets.xcassets */; };
		CD6FF15528F5636D0013266F /* LaunchScreen.storyboard in Resources */ = {isa = PBXBuildFile; fileRef = CD6FF15328F5636D0013266F /* LaunchScreen.storyboard */; };
		CD6FF15828F5636D0013266F /* main.m in Sources */ = {isa = PBXBuildFile; fileRef = CD6FF15728F5636D0013266F /* main.m */; };
		CD6FF16228F5636D0013266F /* EnglishToolTests.m in Sources */ = {isa = PBXBuildFile; fileRef = CD6FF16128F5636D0013266F /* EnglishToolTests.m */; };
		CD6FF16C28F5636D0013266F /* EnglishToolUITests.m in Sources */ = {isa = PBXBuildFile; fileRef = CD6FF16B28F5636D0013266F /* EnglishToolUITests.m */; };
		CD6FF16E28F5636D0013266F /* EnglishToolUITestsLaunchTests.m in Sources */ = {isa = PBXBuildFile; fileRef = CD6FF16D28F5636D0013266F /* EnglishToolUITestsLaunchTests.m */; };
		CD6FF17F28FCFD7A0013266F /* EnglishTabViewController.m in Sources */ = {isa = PBXBuildFile; fileRef = CD6FF17E28FCFD7A0013266F /* EnglishTabViewController.m */; };
		CD6FF18328FCFD990013266F /* EnglishHomeViewController.m in Sources */ = {isa = PBXBuildFile; fileRef = CD6FF18128FCFD990013266F /* EnglishHomeViewController.m */; };
		CD6FF18428FCFD990013266F /* EnglishHomeViewController.xib in Resources */ = {isa = PBXBuildFile; fileRef = CD6FF18228FCFD990013266F /* EnglishHomeViewController.xib */; };
		CD6FF18828FCFDAF0013266F /* EnglishRecoderViewController.m in Sources */ = {isa = PBXBuildFile; fileRef = CD6FF18628FCFDAF0013266F /* EnglishRecoderViewController.m */; };
		CD6FF18928FCFDAF0013266F /* EnglishRecoderViewController.xib in Resources */ = {isa = PBXBuildFile; fileRef = CD6FF18728FCFDAF0013266F /* EnglishRecoderViewController.xib */; };
		CD6FF18D28FCFDC40013266F /* EnglishSettingViewController.m in Sources */ = {isa = PBXBuildFile; fileRef = CD6FF18B28FCFDC40013266F /* EnglishSettingViewController.m */; };
		CD6FF18E28FCFDC40013266F /* EnglishSettingViewController.xib in Resources */ = {isa = PBXBuildFile; fileRef = CD6FF18C28FCFDC40013266F /* EnglishSettingViewController.xib */; };
		CD6FF19228FD4FFC0013266F /* maikefeng.png in Resources */ = {isa = PBXBuildFile; fileRef = CD6FF19128FD4FFC0013266F /* maikefeng.png */; };
		CD6FF19428FD593D0013266F /* tubiaoji_tupianshibie.png in Resources */ = {isa = PBXBuildFile; fileRef = CD6FF19328FD593C0013266F /* tubiaoji_tupianshibie.png */; };
		CD932A94290635E800972053 /* iflyMSC.framework in Frameworks */ = {isa = PBXBuildFile; fileRef = CD932A93290635E800972053 /* iflyMSC.framework */; };
		CD932A9829078E2400972053 /* EnglishImageOCRTextViewController.m in Sources */ = {isa = PBXBuildFile; fileRef = CD932A9629078E2400972053 /* EnglishImageOCRTextViewController.m */; };
		CD932A9929078E2400972053 /* EnglishImageOCRTextViewController.xib in Resources */ = {isa = PBXBuildFile; fileRef = CD932A9729078E2400972053 /* EnglishImageOCRTextViewController.xib */; };
		CDC5E0F62907CAAF00762CBB /* EnglishHomeModel.m in Sources */ = {isa = PBXBuildFile; fileRef = CDC5E0F52907CAAF00762CBB /* EnglishHomeModel.m */; };
/* End PBXBuildFile section */

/* Begin PBXContainerItemProxy section */
		CD6FF15E28F5636D0013266F /* PBXContainerItemProxy */ = {
			isa = PBXContainerItemProxy;
			containerPortal = CD6FF13A28F5636B0013266F /* Project object */;
			proxyType = 1;
			remoteGlobalIDString = CD6FF14128F5636B0013266F;
			remoteInfo = EnglishTool;
		};
		CD6FF16828F5636D0013266F /* PBXContainerItemProxy */ = {
			isa = PBXContainerItemProxy;
			containerPortal = CD6FF13A28F5636B0013266F /* Project object */;
			proxyType = 1;
			remoteGlobalIDString = CD6FF14128F5636B0013266F;
			remoteInfo = EnglishTool;
		};
/* End PBXContainerItemProxy section */

/* Begin PBXFileReference section */
		47B6501B7E81B1C5FEC7A652 /* Pods_EnglishTool.framework */ = {isa = PBXFileReference; explicitFileType = wrapper.framework; includeInIndex = 0; path = Pods_EnglishTool.framework; sourceTree = BUILT_PRODUCTS_DIR; };
		539EF1A23C32B76F2B21DDD7 /* Pods-EnglishTool.release.xcconfig */ = {isa = PBXFileReference; includeInIndex = 1; lastKnownFileType = text.xcconfig; name = "Pods-EnglishTool.release.xcconfig"; path = "Target Support Files/Pods-EnglishTool/Pods-EnglishTool.release.xcconfig"; sourceTree = "<group>"; };
		5C736E396F1E854A9FFDBD2B /* Pods-EnglishTool.debug.xcconfig */ = {isa = PBXFileReference; includeInIndex = 1; lastKnownFileType = text.xcconfig; name = "Pods-EnglishTool.debug.xcconfig"; path = "Target Support Files/Pods-EnglishTool/Pods-EnglishTool.debug.xcconfig"; sourceTree = "<group>"; };
		CD63221028FD6FB5005771CD /* EnglishTranslateViewController.h */ = {isa = PBXFileReference; lastKnownFileType = sourcecode.c.h; path = EnglishTranslateViewController.h; sourceTree = "<group>"; };
		CD63221128FD6FB5005771CD /* EnglishTranslateViewController.m */ = {isa = PBXFileReference; lastKnownFileType = sourcecode.c.objc; path = EnglishTranslateViewController.m; sourceTree = "<group>"; };
		CD63221228FD6FB5005771CD /* EnglishTranslateViewController.xib */ = {isa = PBXFileReference; lastKnownFileType = file.xib; path = EnglishTranslateViewController.xib; sourceTree = "<group>"; };
		CD63221828FE8104005771CD /* CoreLocation.framework */ = {isa = PBXFileReference; lastKnownFileType = wrapper.framework; name = CoreLocation.framework; path = System/Library/Frameworks/CoreLocation.framework; sourceTree = SDKROOT; };
		CD63221A28FE810B005771CD /* libz.tbd */ = {isa = PBXFileReference; lastKnownFileType = "sourcecode.text-based-dylib-definition"; name = libz.tbd; path = usr/lib/libz.tbd; sourceTree = SDKROOT; };
		CD63221C28FE811B005771CD /* libc++.tbd */ = {isa = PBXFileReference; lastKnownFileType = "sourcecode.text-based-dylib-definition"; name = "libc++.tbd"; path = "usr/lib/libc++.tbd"; sourceTree = SDKROOT; };
		CD63221E28FE8125005771CD /* CoreTelephony.framework */ = {isa = PBXFileReference; lastKnownFileType = wrapper.framework; name = CoreTelephony.framework; path = System/Library/Frameworks/CoreTelephony.framework; sourceTree = SDKROOT; };
		CD63222028FE812F005771CD /* AVFoundation.framework */ = {isa = PBXFileReference; lastKnownFileType = wrapper.framework; name = AVFoundation.framework; path = System/Library/Frameworks/AVFoundation.framework; sourceTree = SDKROOT; };
		CD63222228FE813B005771CD /* AddressBook.framework */ = {isa = PBXFileReference; lastKnownFileType = wrapper.framework; name = AddressBook.framework; path = System/Library/Frameworks/AddressBook.framework; sourceTree = SDKROOT; };
		CD63222428FE8144005771CD /* AVFAudio.framework */ = {isa = PBXFileReference; lastKnownFileType = wrapper.framework; name = AVFAudio.framework; path = System/Library/Frameworks/AVFAudio.framework; sourceTree = SDKROOT; };
		CD63222628FE8155005771CD /* AudioToolbox.framework */ = {isa = PBXFileReference; lastKnownFileType = wrapper.framework; name = AudioToolbox.framework; path = System/Library/Frameworks/AudioToolbox.framework; sourceTree = SDKROOT; };
		CD63222828FE8163005771CD /* Contacts.framework */ = {isa = PBXFileReference; lastKnownFileType = wrapper.framework; name = Contacts.framework; path = System/Library/Frameworks/Contacts.framework; sourceTree = SDKROOT; };
		CD63222A28FE816A005771CD /* SystemConfiguration.framework */ = {isa = PBXFileReference; lastKnownFileType = wrapper.framework; name = SystemConfiguration.framework; path = System/Library/Frameworks/SystemConfiguration.framework; sourceTree = SDKROOT; };
		CD63222C28FE8173005771CD /* QuartzCore.framework */ = {isa = PBXFileReference; lastKnownFileType = wrapper.framework; name = QuartzCore.framework; path = System/Library/Frameworks/QuartzCore.framework; sourceTree = SDKROOT; };
		CD63222E28FE817B005771CD /* UIKit.framework */ = {isa = PBXFileReference; lastKnownFileType = wrapper.framework; name = UIKit.framework; path = System/Library/Frameworks/UIKit.framework; sourceTree = SDKROOT; };
		CD63223028FE8182005771CD /* Foundation.framework */ = {isa = PBXFileReference; lastKnownFileType = wrapper.framework; name = Foundation.framework; path = System/Library/Frameworks/Foundation.framework; sourceTree = SDKROOT; };
		CD63223228FE8189005771CD /* CoreGraphics.framework */ = {isa = PBXFileReference; lastKnownFileType = wrapper.framework; name = CoreGraphics.framework; path = System/Library/Frameworks/CoreGraphics.framework; sourceTree = SDKROOT; };
		CD6FF14228F5636B0013266F /* EnglishTool.app */ = {isa = PBXFileReference; explicitFileType = wrapper.application; includeInIndex = 0; path = EnglishTool.app; sourceTree = BUILT_PRODUCTS_DIR; };
		CD6FF14528F5636B0013266F /* AppDelegate.h */ = {isa = PBXFileReference; lastKnownFileType = sourcecode.c.h; path = AppDelegate.h; sourceTree = "<group>"; };
		CD6FF14628F5636B0013266F /* AppDelegate.m */ = {isa = PBXFileReference; lastKnownFileType = sourcecode.c.objc; path = AppDelegate.m; sourceTree = "<group>"; };
		CD6FF14F28F5636B0013266F /* Base */ = {isa = PBXFileReference; lastKnownFileType = file.storyboard; name = Base; path = Base.lproj/Main.storyboard; sourceTree = "<group>"; };
		CD6FF15128F5636D0013266F /* Assets.xcassets */ = {isa = PBXFileReference; lastKnownFileType = folder.assetcatalog; path = Assets.xcassets; sourceTree = "<group>"; };
		CD6FF15428F5636D0013266F /* Base */ = {isa = PBXFileReference; lastKnownFileType = file.storyboard; name = Base; path = Base.lproj/LaunchScreen.storyboard; sourceTree = "<group>"; };
		CD6FF15628F5636D0013266F /* Info.plist */ = {isa = PBXFileReference; lastKnownFileType = text.plist.xml; path = Info.plist; sourceTree = "<group>"; };
		CD6FF15728F5636D0013266F /* main.m */ = {isa = PBXFileReference; lastKnownFileType = sourcecode.c.objc; path = main.m; sourceTree = "<group>"; };
		CD6FF15D28F5636D0013266F /* EnglishToolTests.xctest */ = {isa = PBXFileReference; explicitFileType = wrapper.cfbundle; includeInIndex = 0; path = EnglishToolTests.xctest; sourceTree = BUILT_PRODUCTS_DIR; };
		CD6FF16128F5636D0013266F /* EnglishToolTests.m */ = {isa = PBXFileReference; lastKnownFileType = sourcecode.c.objc; path = EnglishToolTests.m; sourceTree = "<group>"; };
		CD6FF16728F5636D0013266F /* EnglishToolUITests.xctest */ = {isa = PBXFileReference; explicitFileType = wrapper.cfbundle; includeInIndex = 0; path = EnglishToolUITests.xctest; sourceTree = BUILT_PRODUCTS_DIR; };
		CD6FF16B28F5636D0013266F /* EnglishToolUITests.m */ = {isa = PBXFileReference; lastKnownFileType = sourcecode.c.objc; path = EnglishToolUITests.m; sourceTree = "<group>"; };
		CD6FF16D28F5636D0013266F /* EnglishToolUITestsLaunchTests.m */ = {isa = PBXFileReference; lastKnownFileType = sourcecode.c.objc; path = EnglishToolUITestsLaunchTests.m; sourceTree = "<group>"; };
		CD6FF17D28FCFD7A0013266F /* EnglishTabViewController.h */ = {isa = PBXFileReference; lastKnownFileType = sourcecode.c.h; path = EnglishTabViewController.h; sourceTree = "<group>"; };
		CD6FF17E28FCFD7A0013266F /* EnglishTabViewController.m */ = {isa = PBXFileReference; lastKnownFileType = sourcecode.c.objc; path = EnglishTabViewController.m; sourceTree = "<group>"; };
		CD6FF18028FCFD990013266F /* EnglishHomeViewController.h */ = {isa = PBXFileReference; lastKnownFileType = sourcecode.c.h; path = EnglishHomeViewController.h; sourceTree = "<group>"; };
		CD6FF18128FCFD990013266F /* EnglishHomeViewController.m */ = {isa = PBXFileReference; lastKnownFileType = sourcecode.c.objc; path = EnglishHomeViewController.m; sourceTree = "<group>"; };
		CD6FF18228FCFD990013266F /* EnglishHomeViewController.xib */ = {isa = PBXFileReference; lastKnownFileType = file.xib; path = EnglishHomeViewController.xib; sourceTree = "<group>"; };
		CD6FF18528FCFDAF0013266F /* EnglishRecoderViewController.h */ = {isa = PBXFileReference; lastKnownFileType = sourcecode.c.h; path = EnglishRecoderViewController.h; sourceTree = "<group>"; };
		CD6FF18628FCFDAF0013266F /* EnglishRecoderViewController.m */ = {isa = PBXFileReference; lastKnownFileType = sourcecode.c.objc; path = EnglishRecoderViewController.m; sourceTree = "<group>"; };
		CD6FF18728FCFDAF0013266F /* EnglishRecoderViewController.xib */ = {isa = PBXFileReference; lastKnownFileType = file.xib; path = EnglishRecoderViewController.xib; sourceTree = "<group>"; };
		CD6FF18A28FCFDC40013266F /* EnglishSettingViewController.h */ = {isa = PBXFileReference; lastKnownFileType = sourcecode.c.h; path = EnglishSettingViewController.h; sourceTree = "<group>"; };
		CD6FF18B28FCFDC40013266F /* EnglishSettingViewController.m */ = {isa = PBXFileReference; lastKnownFileType = sourcecode.c.objc; path = EnglishSettingViewController.m; sourceTree = "<group>"; };
		CD6FF18C28FCFDC40013266F /* EnglishSettingViewController.xib */ = {isa = PBXFileReference; lastKnownFileType = file.xib; path = EnglishSettingViewController.xib; sourceTree = "<group>"; };
		CD6FF19128FD4FFC0013266F /* maikefeng.png */ = {isa = PBXFileReference; lastKnownFileType = image.png; path = maikefeng.png; sourceTree = "<group>"; };
		CD6FF19328FD593C0013266F /* tubiaoji_tupianshibie.png */ = {isa = PBXFileReference; lastKnownFileType = image.png; path = tubiaoji_tupianshibie.png; sourceTree = "<group>"; };
		CD932A93290635E800972053 /* iflyMSC.framework */ = {isa = PBXFileReference; lastKnownFileType = wrapper.framework; path = iflyMSC.framework; sourceTree = "<group>"; };
		CD932A9529078E2400972053 /* EnglishImageOCRTextViewController.h */ = {isa = PBXFileReference; lastKnownFileType = sourcecode.c.h; path = EnglishImageOCRTextViewController.h; sourceTree = "<group>"; };
		CD932A9629078E2400972053 /* EnglishImageOCRTextViewController.m */ = {isa = PBXFileReference; lastKnownFileType = sourcecode.c.objc; path = EnglishImageOCRTextViewController.m; sourceTree = "<group>"; };
		CD932A9729078E2400972053 /* EnglishImageOCRTextViewController.xib */ = {isa = PBXFileReference; lastKnownFileType = file.xib; path = EnglishImageOCRTextViewController.xib; sourceTree = "<group>"; };
		CDC5E0F42907CAAF00762CBB /* EnglishHomeModel.h */ = {isa = PBXFileReference; lastKnownFileType = sourcecode.c.h; path = EnglishHomeModel.h; sourceTree = "<group>"; };
		CDC5E0F52907CAAF00762CBB /* EnglishHomeModel.m */ = {isa = PBXFileReference; lastKnownFileType = sourcecode.c.objc; path = EnglishHomeModel.m; sourceTree = "<group>"; };
/* End PBXFileReference section */

/* Begin PBXFrameworksBuildPhase section */
		CD6FF13F28F5636B0013266F /* Frameworks */ = {
			isa = PBXFrameworksBuildPhase;
			buildActionMask = 2147483647;
			files = (
				CD63223328FE8189005771CD /* CoreGraphics.framework in Frameworks */,
				CD63223128FE8182005771CD /* Foundation.framework in Frameworks */,
				CD63222F28FE817B005771CD /* UIKit.framework in Frameworks */,
				CD63222D28FE8173005771CD /* QuartzCore.framework in Frameworks */,
				CD932A94290635E800972053 /* iflyMSC.framework in Frameworks */,
				CD63222B28FE816A005771CD /* SystemConfiguration.framework in Frameworks */,
				CD63222928FE8163005771CD /* Contacts.framework in Frameworks */,
				CD63222728FE8156005771CD /* AudioToolbox.framework in Frameworks */,
				CD63222528FE8144005771CD /* AVFAudio.framework in Frameworks */,
				CD63222328FE813B005771CD /* AddressBook.framework in Frameworks */,
				CD63222128FE812F005771CD /* AVFoundation.framework in Frameworks */,
				CD63221F28FE8125005771CD /* CoreTelephony.framework in Frameworks */,
				CD63221D28FE811B005771CD /* libc++.tbd in Frameworks */,
				CD63221B28FE810B005771CD /* libz.tbd in Frameworks */,
				CD63221928FE8104005771CD /* CoreLocation.framework in Frameworks */,
				B875544F4CB9AE796BBA7DC3 /* Pods_EnglishTool.framework in Frameworks */,
			);
			runOnlyForDeploymentPostprocessing = 0;
		};
		CD6FF15A28F5636D0013266F /* Frameworks */ = {
			isa = PBXFrameworksBuildPhase;
			buildActionMask = 2147483647;
			files = (
			);
			runOnlyForDeploymentPostprocessing = 0;
		};
		CD6FF16428F5636D0013266F /* Frameworks */ = {
			isa = PBXFrameworksBuildPhase;
			buildActionMask = 2147483647;
			files = (
			);
			runOnlyForDeploymentPostprocessing = 0;
		};
/* End PBXFrameworksBuildPhase section */

/* Begin PBXGroup section */
		3D2194114943C3C5271B5425 /* Pods */ = {
			isa = PBXGroup;
			children = (
				5C736E396F1E854A9FFDBD2B /* Pods-EnglishTool.debug.xcconfig */,
				539EF1A23C32B76F2B21DDD7 /* Pods-EnglishTool.release.xcconfig */,
			);
			path = Pods;
			sourceTree = "<group>";
		};
		5EFC5ABED9962A79938CB845 /* Frameworks */ = {
			isa = PBXGroup;
			children = (
				CD63223228FE8189005771CD /* CoreGraphics.framework */,
				CD63223028FE8182005771CD /* Foundation.framework */,
				CD63222E28FE817B005771CD /* UIKit.framework */,
				CD63222C28FE8173005771CD /* QuartzCore.framework */,
				CD63222A28FE816A005771CD /* SystemConfiguration.framework */,
				CD63222828FE8163005771CD /* Contacts.framework */,
				CD63222628FE8155005771CD /* AudioToolbox.framework */,
				CD63222428FE8144005771CD /* AVFAudio.framework */,
				CD63222228FE813B005771CD /* AddressBook.framework */,
				CD63222028FE812F005771CD /* AVFoundation.framework */,
				CD63221E28FE8125005771CD /* CoreTelephony.framework */,
				CD63221C28FE811B005771CD /* libc++.tbd */,
				CD63221A28FE810B005771CD /* libz.tbd */,
				CD63221828FE8104005771CD /* CoreLocation.framework */,
				47B6501B7E81B1C5FEC7A652 /* Pods_EnglishTool.framework */,
			);
			name = Frameworks;
			sourceTree = "<group>";
		};
		CD63221528FE80CD005771CD /* Resource */ = {
			isa = PBXGroup;
			children = (
				CD6FF19328FD593C0013266F /* tubiaoji_tupianshibie.png */,
				CD6FF19128FD4FFC0013266F /* maikefeng.png */,
			);
			path = Resource;
			sourceTree = "<group>";
		};
		CD6FF13928F5636B0013266F = {
			isa = PBXGroup;
			children = (
				CD63221528FE80CD005771CD /* Resource */,
				CD932A93290635E800972053 /* iflyMSC.framework */,
				CD6FF17A28FCFB5F0013266F /* Home */,
				CD6FF17B28FCFB6F0013266F /* Recoder */,
				CD6FF17C28FCFB860013266F /* Setting */,
				CD6FF14428F5636B0013266F /* EnglishTool */,
				CD6FF16028F5636D0013266F /* EnglishToolTests */,
				CD6FF16A28F5636D0013266F /* EnglishToolUITests */,
				CD6FF14328F5636B0013266F /* Products */,
				3D2194114943C3C5271B5425 /* Pods */,
				5EFC5ABED9962A79938CB845 /* Frameworks */,
			);
			sourceTree = "<group>";
		};
		CD6FF14328F5636B0013266F /* Products */ = {
			isa = PBXGroup;
			children = (
				CD6FF14228F5636B0013266F /* EnglishTool.app */,
				CD6FF15D28F5636D0013266F /* EnglishToolTests.xctest */,
				CD6FF16728F5636D0013266F /* EnglishToolUITests.xctest */,
			);
			name = Products;
			sourceTree = "<group>";
		};
		CD6FF14428F5636B0013266F /* EnglishTool */ = {
			isa = PBXGroup;
			children = (
				CD6FF14528F5636B0013266F /* AppDelegate.h */,
				CD6FF14628F5636B0013266F /* AppDelegate.m */,
				CD6FF17D28FCFD7A0013266F /* EnglishTabViewController.h */,
				CD6FF17E28FCFD7A0013266F /* EnglishTabViewController.m */,
				CD6FF14E28F5636B0013266F /* Main.storyboard */,
				CD6FF15128F5636D0013266F /* Assets.xcassets */,
				CD6FF15328F5636D0013266F /* LaunchScreen.storyboard */,
				CD6FF15628F5636D0013266F /* Info.plist */,
				CD6FF15728F5636D0013266F /* main.m */,
			);
			path = EnglishTool;
			sourceTree = "<group>";
		};
		CD6FF16028F5636D0013266F /* EnglishToolTests */ = {
			isa = PBXGroup;
			children = (
				CD6FF16128F5636D0013266F /* EnglishToolTests.m */,
			);
			path = EnglishToolTests;
			sourceTree = "<group>";
		};
		CD6FF16A28F5636D0013266F /* EnglishToolUITests */ = {
			isa = PBXGroup;
			children = (
				CD6FF16B28F5636D0013266F /* EnglishToolUITests.m */,
				CD6FF16D28F5636D0013266F /* EnglishToolUITestsLaunchTests.m */,
			);
			path = EnglishToolUITests;
			sourceTree = "<group>";
		};
		CD6FF17A28FCFB5F0013266F /* Home */ = {
			isa = PBXGroup;
			children = (
				CDC5E0F22907CA6D00762CBB /* VC */,
				CDC5E0F32907CA8800762CBB /* model */,
			);
			path = Home;
			sourceTree = "<group>";
		};
		CD6FF17B28FCFB6F0013266F /* Recoder */ = {
			isa = PBXGroup;
			children = (
				CD6FF18528FCFDAF0013266F /* EnglishRecoderViewController.h */,
				CD6FF18628FCFDAF0013266F /* EnglishRecoderViewController.m */,
				CD6FF18728FCFDAF0013266F /* EnglishRecoderViewController.xib */,
			);
			path = Recoder;
			sourceTree = "<group>";
		};
		CD6FF17C28FCFB860013266F /* Setting */ = {
			isa = PBXGroup;
			children = (
				CD6FF18A28FCFDC40013266F /* EnglishSettingViewController.h */,
				CD6FF18B28FCFDC40013266F /* EnglishSettingViewController.m */,
				CD6FF18C28FCFDC40013266F /* EnglishSettingViewController.xib */,
			);
			path = Setting;
			sourceTree = "<group>";
		};
		CDC5E0F22907CA6D00762CBB /* VC */ = {
			isa = PBXGroup;
			children = (
				CD6FF18028FCFD990013266F /* EnglishHomeViewController.h */,
				CD6FF18128FCFD990013266F /* EnglishHomeViewController.m */,
				CD6FF18228FCFD990013266F /* EnglishHomeViewController.xib */,
				CD932A9529078E2400972053 /* EnglishImageOCRTextViewController.h */,
				CD932A9629078E2400972053 /* EnglishImageOCRTextViewController.m */,
				CD932A9729078E2400972053 /* EnglishImageOCRTextViewController.xib */,
				CD63221028FD6FB5005771CD /* EnglishTranslateViewController.h */,
				CD63221128FD6FB5005771CD /* EnglishTranslateViewController.m */,
				CD63221228FD6FB5005771CD /* EnglishTranslateViewController.xib */,
			);
			path = VC;
			sourceTree = "<group>";
		};
		CDC5E0F32907CA8800762CBB /* model */ = {
			isa = PBXGroup;
			children = (
				CDC5E0F42907CAAF00762CBB /* EnglishHomeModel.h */,
				CDC5E0F52907CAAF00762CBB /* EnglishHomeModel.m */,
			);
			path = model;
			sourceTree = "<group>";
		};
/* End PBXGroup section */

/* Begin PBXNativeTarget section */
		CD6FF14128F5636B0013266F /* EnglishTool */ = {
			isa = PBXNativeTarget;
			buildConfigurationList = CD6FF17128F5636D0013266F /* Build configuration list for PBXNativeTarget "EnglishTool" */;
			buildPhases = (
				CCA45DDD930B958F6E9409E0 /* [CP] Check Pods Manifest.lock */,
				CD6FF13E28F5636B0013266F /* Sources */,
				CD6FF13F28F5636B0013266F /* Frameworks */,
				CD6FF14028F5636B0013266F /* Resources */,
				77BBDCCF25B02E22BCA872ED /* [CP] Embed Pods Frameworks */,
			);
			buildRules = (
			);
			dependencies = (
			);
			name = EnglishTool;
			productName = EnglishTool;
			productReference = CD6FF14228F5636B0013266F /* EnglishTool.app */;
			productType = "com.apple.product-type.application";
		};
		CD6FF15C28F5636D0013266F /* EnglishToolTests */ = {
			isa = PBXNativeTarget;
			buildConfigurationList = CD6FF17428F5636D0013266F /* Build configuration list for PBXNativeTarget "EnglishToolTests" */;
			buildPhases = (
				CD6FF15928F5636D0013266F /* Sources */,
				CD6FF15A28F5636D0013266F /* Frameworks */,
				CD6FF15B28F5636D0013266F /* Resources */,
			);
			buildRules = (
			);
			dependencies = (
				CD6FF15F28F5636D0013266F /* PBXTargetDependency */,
			);
			name = EnglishToolTests;
			productName = EnglishToolTests;
			productReference = CD6FF15D28F5636D0013266F /* EnglishToolTests.xctest */;
			productType = "com.apple.product-type.bundle.unit-test";
		};
		CD6FF16628F5636D0013266F /* EnglishToolUITests */ = {
			isa = PBXNativeTarget;
			buildConfigurationList = CD6FF17728F5636D0013266F /* Build configuration list for PBXNativeTarget "EnglishToolUITests" */;
			buildPhases = (
				CD6FF16328F5636D0013266F /* Sources */,
				CD6FF16428F5636D0013266F /* Frameworks */,
				CD6FF16528F5636D0013266F /* Resources */,
			);
			buildRules = (
			);
			dependencies = (
				CD6FF16928F5636D0013266F /* PBXTargetDependency */,
			);
			name = EnglishToolUITests;
			productName = EnglishToolUITests;
			productReference = CD6FF16728F5636D0013266F /* EnglishToolUITests.xctest */;
			productType = "com.apple.product-type.bundle.ui-testing";
		};
/* End PBXNativeTarget section */

/* Begin PBXProject section */
		CD6FF13A28F5636B0013266F /* Project object */ = {
			isa = PBXProject;
			attributes = {
				BuildIndependentTargetsInParallel = 1;
				LastUpgradeCheck = 1320;
				TargetAttributes = {
					CD6FF14128F5636B0013266F = {
						CreatedOnToolsVersion = 13.2.1;
					};
					CD6FF15C28F5636D0013266F = {
						CreatedOnToolsVersion = 13.2.1;
						TestTargetID = CD6FF14128F5636B0013266F;
					};
					CD6FF16628F5636D0013266F = {
						CreatedOnToolsVersion = 13.2.1;
						TestTargetID = CD6FF14128F5636B0013266F;
					};
				};
			};
			buildConfigurationList = CD6FF13D28F5636B0013266F /* Build configuration list for PBXProject "EnglishTool" */;
			compatibilityVersion = "Xcode 13.0";
			developmentRegion = en;
			hasScannedForEncodings = 0;
			knownRegions = (
				en,
				Base,
			);
			mainGroup = CD6FF13928F5636B0013266F;
			productRefGroup = CD6FF14328F5636B0013266F /* Products */;
			projectDirPath = "";
			projectRoot = "";
			targets = (
				CD6FF14128F5636B0013266F /* EnglishTool */,
				CD6FF15C28F5636D0013266F /* EnglishToolTests */,
				CD6FF16628F5636D0013266F /* EnglishToolUITests */,
			);
		};
/* End PBXProject section */

/* Begin PBXResourcesBuildPhase section */
		CD6FF14028F5636B0013266F /* Resources */ = {
			isa = PBXResourcesBuildPhase;
			buildActionMask = 2147483647;
			files = (
				CD63221428FD6FB5005771CD /* EnglishTranslateViewController.xib in Resources */,
				CD6FF18928FCFDAF0013266F /* EnglishRecoderViewController.xib in Resources */,
				CD6FF19228FD4FFC0013266F /* maikefeng.png in Resources */,
				CD6FF18428FCFD990013266F /* EnglishHomeViewController.xib in Resources */,
				CD6FF15528F5636D0013266F /* LaunchScreen.storyboard in Resources */,
				CD932A9929078E2400972053 /* EnglishImageOCRTextViewController.xib in Resources */,
				CD6FF15228F5636D0013266F /* Assets.xcassets in Resources */,
				CD6FF18E28FCFDC40013266F /* EnglishSettingViewController.xib in Resources */,
				CD6FF15028F5636B0013266F /* Main.storyboard in Resources */,
				CD6FF19428FD593D0013266F /* tubiaoji_tupianshibie.png in Resources */,
			);
			runOnlyForDeploymentPostprocessing = 0;
		};
		CD6FF15B28F5636D0013266F /* Resources */ = {
			isa = PBXResourcesBuildPhase;
			buildActionMask = 2147483647;
			files = (
			);
			runOnlyForDeploymentPostprocessing = 0;
		};
		CD6FF16528F5636D0013266F /* Resources */ = {
			isa = PBXResourcesBuildPhase;
			buildActionMask = 2147483647;
			files = (
			);
			runOnlyForDeploymentPostprocessing = 0;
		};
/* End PBXResourcesBuildPhase section */

/* Begin PBXShellScriptBuildPhase section */
		77BBDCCF25B02E22BCA872ED /* [CP] Embed Pods Frameworks */ = {
			isa = PBXShellScriptBuildPhase;
			buildActionMask = 2147483647;
			files = (
			);
			inputFileListPaths = (
				"${PODS_ROOT}/Target Support Files/Pods-EnglishTool/Pods-EnglishTool-frameworks-${CONFIGURATION}-input-files.xcfilelist",
			);
			name = "[CP] Embed Pods Frameworks";
			outputFileListPaths = (
				"${PODS_ROOT}/Target Support Files/Pods-EnglishTool/Pods-EnglishTool-frameworks-${CONFIGURATION}-output-files.xcfilelist",
			);
			runOnlyForDeploymentPostprocessing = 0;
			shellPath = /bin/sh;
			shellScript = "\"${PODS_ROOT}/Target Support Files/Pods-EnglishTool/Pods-EnglishTool-frameworks.sh\"\n";
			showEnvVarsInLog = 0;
		};
		CCA45DDD930B958F6E9409E0 /* [CP] Check Pods Manifest.lock */ = {
			isa = PBXShellScriptBuildPhase;
			buildActionMask = 2147483647;
			files = (
			);
			inputFileListPaths = (
			);
			inputPaths = (
				"${PODS_PODFILE_DIR_PATH}/Podfile.lock",
				"${PODS_ROOT}/Manifest.lock",
			);
			name = "[CP] Check Pods Manifest.lock";
			outputFileListPaths = (
			);
			outputPaths = (
				"$(DERIVED_FILE_DIR)/Pods-EnglishTool-checkManifestLockResult.txt",
			);
			runOnlyForDeploymentPostprocessing = 0;
			shellPath = /bin/sh;
			shellScript = "diff \"${PODS_PODFILE_DIR_PATH}/Podfile.lock\" \"${PODS_ROOT}/Manifest.lock\" > /dev/null\nif [ $? != 0 ] ; then\n    # print error to STDERR\n    echo \"error: The sandbox is not in sync with the Podfile.lock. Run 'pod install' or update your CocoaPods installation.\" >&2\n    exit 1\nfi\n# This output is used by Xcode 'outputs' to avoid re-running this script phase.\necho \"SUCCESS\" > \"${SCRIPT_OUTPUT_FILE_0}\"\n";
			showEnvVarsInLog = 0;
		};
/* End PBXShellScriptBuildPhase section */

/* Begin PBXSourcesBuildPhase section */
		CD6FF13E28F5636B0013266F /* Sources */ = {
			isa = PBXSourcesBuildPhase;
			buildActionMask = 2147483647;
			files = (
				CD6FF18D28FCFDC40013266F /* EnglishSettingViewController.m in Sources */,
				CD6FF18328FCFD990013266F /* EnglishHomeViewController.m in Sources */,
				CD6FF14728F5636B0013266F /* AppDelegate.m in Sources */,
				CD932A9829078E2400972053 /* EnglishImageOCRTextViewController.m in Sources */,
				CD63221328FD6FB5005771CD /* EnglishTranslateViewController.m in Sources */,
				CDC5E0F62907CAAF00762CBB /* EnglishHomeModel.m in Sources */,
				CD6FF17F28FCFD7A0013266F /* EnglishTabViewController.m in Sources */,
				CD6FF18828FCFDAF0013266F /* EnglishRecoderViewController.m in Sources */,
				CD6FF15828F5636D0013266F /* main.m in Sources */,
			);
			runOnlyForDeploymentPostprocessing = 0;
		};
		CD6FF15928F5636D0013266F /* Sources */ = {
			isa = PBXSourcesBuildPhase;
			buildActionMask = 2147483647;
			files = (
				CD6FF16228F5636D0013266F /* EnglishToolTests.m in Sources */,
			);
			runOnlyForDeploymentPostprocessing = 0;
		};
		CD6FF16328F5636D0013266F /* Sources */ = {
			isa = PBXSourcesBuildPhase;
			buildActionMask = 2147483647;
			files = (
				CD6FF16C28F5636D0013266F /* EnglishToolUITests.m in Sources */,
				CD6FF16E28F5636D0013266F /* EnglishToolUITestsLaunchTests.m in Sources */,
			);
			runOnlyForDeploymentPostprocessing = 0;
		};
/* End PBXSourcesBuildPhase section */

/* Begin PBXTargetDependency section */
		CD6FF15F28F5636D0013266F /* PBXTargetDependency */ = {
			isa = PBXTargetDependency;
			target = CD6FF14128F5636B0013266F /* EnglishTool */;
			targetProxy = CD6FF15E28F5636D0013266F /* PBXContainerItemProxy */;
		};
		CD6FF16928F5636D0013266F /* PBXTargetDependency */ = {
			isa = PBXTargetDependency;
			target = CD6FF14128F5636B0013266F /* EnglishTool */;
			targetProxy = CD6FF16828F5636D0013266F /* PBXContainerItemProxy */;
		};
/* End PBXTargetDependency section */

/* Begin PBXVariantGroup section */
		CD6FF14E28F5636B0013266F /* Main.storyboard */ = {
			isa = PBXVariantGroup;
			children = (
				CD6FF14F28F5636B0013266F /* Base */,
			);
			name = Main.storyboard;
			sourceTree = "<group>";
		};
		CD6FF15328F5636D0013266F /* LaunchScreen.storyboard */ = {
			isa = PBXVariantGroup;
			children = (
				CD6FF15428F5636D0013266F /* Base */,
			);
			name = LaunchScreen.storyboard;
			sourceTree = "<group>";
		};
/* End PBXVariantGroup section */

/* Begin XCBuildConfiguration section */
		CD6FF16F28F5636D0013266F /* Debug */ = {
			isa = XCBuildConfiguration;
			buildSettings = {
				ALWAYS_SEARCH_USER_PATHS = NO;
				CLANG_ANALYZER_NONNULL = YES;
				CLANG_ANALYZER_NUMBER_OBJECT_CONVERSION = YES_AGGRESSIVE;
				CLANG_CXX_LANGUAGE_STANDARD = "gnu++17";
				CLANG_CXX_LIBRARY = "libc++";
				CLANG_ENABLE_MODULES = YES;
				CLANG_ENABLE_OBJC_ARC = YES;
				CLANG_ENABLE_OBJC_WEAK = YES;
				CLANG_WARN_BLOCK_CAPTURE_AUTORELEASING = YES;
				CLANG_WARN_BOOL_CONVERSION = YES;
				CLANG_WARN_COMMA = YES;
				CLANG_WARN_CONSTANT_CONVERSION = YES;
				CLANG_WARN_DEPRECATED_OBJC_IMPLEMENTATIONS = YES;
				CLANG_WARN_DIRECT_OBJC_ISA_USAGE = YES_ERROR;
				CLANG_WARN_DOCUMENTATION_COMMENTS = YES;
				CLANG_WARN_EMPTY_BODY = YES;
				CLANG_WARN_ENUM_CONVERSION = YES;
				CLANG_WARN_INFINITE_RECURSION = YES;
				CLANG_WARN_INT_CONVERSION = YES;
				CLANG_WARN_NON_LITERAL_NULL_CONVERSION = YES;
				CLANG_WARN_OBJC_IMPLICIT_RETAIN_SELF = YES;
				CLANG_WARN_OBJC_LITERAL_CONVERSION = YES;
				CLANG_WARN_OBJC_ROOT_CLASS = YES_ERROR;
				CLANG_WARN_QUOTED_INCLUDE_IN_FRAMEWORK_HEADER = YES;
				CLANG_WARN_RANGE_LOOP_ANALYSIS = YES;
				CLANG_WARN_STRICT_PROTOTYPES = YES;
				CLANG_WARN_SUSPICIOUS_MOVE = YES;
				CLANG_WARN_UNGUARDED_AVAILABILITY = YES_AGGRESSIVE;
				CLANG_WARN_UNREACHABLE_CODE = YES;
				CLANG_WARN__DUPLICATE_METHOD_MATCH = YES;
				COPY_PHASE_STRIP = NO;
				DEBUG_INFORMATION_FORMAT = dwarf;
				ENABLE_STRICT_OBJC_MSGSEND = YES;
				ENABLE_TESTABILITY = YES;
				GCC_C_LANGUAGE_STANDARD = gnu11;
				GCC_DYNAMIC_NO_PIC = NO;
				GCC_NO_COMMON_BLOCKS = YES;
				GCC_OPTIMIZATION_LEVEL = 0;
				GCC_PREPROCESSOR_DEFINITIONS = (
					"DEBUG=1",
					"$(inherited)",
				);
				GCC_WARN_64_TO_32_BIT_CONVERSION = YES;
				GCC_WARN_ABOUT_RETURN_TYPE = YES_ERROR;
				GCC_WARN_UNDECLARED_SELECTOR = YES;
				GCC_WARN_UNINITIALIZED_AUTOS = YES_AGGRESSIVE;
				GCC_WARN_UNUSED_FUNCTION = YES;
				GCC_WARN_UNUSED_VARIABLE = YES;
				IPHONEOS_DEPLOYMENT_TARGET = 9.0;
				MTL_ENABLE_DEBUG_INFO = INCLUDE_SOURCE;
				MTL_FAST_MATH = YES;
				ONLY_ACTIVE_ARCH = YES;
				SDKROOT = iphoneos;
			};
			name = Debug;
		};
		CD6FF17028F5636D0013266F /* Release */ = {
			isa = XCBuildConfiguration;
			buildSettings = {
				ALWAYS_SEARCH_USER_PATHS = NO;
				CLANG_ANALYZER_NONNULL = YES;
				CLANG_ANALYZER_NUMBER_OBJECT_CONVERSION = YES_AGGRESSIVE;
				CLANG_CXX_LANGUAGE_STANDARD = "gnu++17";
				CLANG_CXX_LIBRARY = "libc++";
				CLANG_ENABLE_MODULES = YES;
				CLANG_ENABLE_OBJC_ARC = YES;
				CLANG_ENABLE_OBJC_WEAK = YES;
				CLANG_WARN_BLOCK_CAPTURE_AUTORELEASING = YES;
				CLANG_WARN_BOOL_CONVERSION = YES;
				CLANG_WARN_COMMA = YES;
				CLANG_WARN_CONSTANT_CONVERSION = YES;
				CLANG_WARN_DEPRECATED_OBJC_IMPLEMENTATIONS = YES;
				CLANG_WARN_DIRECT_OBJC_ISA_USAGE = YES_ERROR;
				CLANG_WARN_DOCUMENTATION_COMMENTS = YES;
				CLANG_WARN_EMPTY_BODY = YES;
				CLANG_WARN_ENUM_CONVERSION = YES;
				CLANG_WARN_INFINITE_RECURSION = YES;
				CLANG_WARN_INT_CONVERSION = YES;
				CLANG_WARN_NON_LITERAL_NULL_CONVERSION = YES;
				CLANG_WARN_OBJC_IMPLICIT_RETAIN_SELF = YES;
				CLANG_WARN_OBJC_LITERAL_CONVERSION = YES;
				CLANG_WARN_OBJC_ROOT_CLASS = YES_ERROR;
				CLANG_WARN_QUOTED_INCLUDE_IN_FRAMEWORK_HEADER = YES;
				CLANG_WARN_RANGE_LOOP_ANALYSIS = YES;
				CLANG_WARN_STRICT_PROTOTYPES = YES;
				CLANG_WARN_SUSPICIOUS_MOVE = YES;
				CLANG_WARN_UNGUARDED_AVAILABILITY = YES_AGGRESSIVE;
				CLANG_WARN_UNREACHABLE_CODE = YES;
				CLANG_WARN__DUPLICATE_METHOD_MATCH = YES;
				COPY_PHASE_STRIP = NO;
				DEBUG_INFORMATION_FORMAT = "dwarf-with-dsym";
				ENABLE_NS_ASSERTIONS = NO;
				ENABLE_STRICT_OBJC_MSGSEND = YES;
				GCC_C_LANGUAGE_STANDARD = gnu11;
				GCC_NO_COMMON_BLOCKS = YES;
				GCC_WARN_64_TO_32_BIT_CONVERSION = YES;
				GCC_WARN_ABOUT_RETURN_TYPE = YES_ERROR;
				GCC_WARN_UNDECLARED_SELECTOR = YES;
				GCC_WARN_UNINITIALIZED_AUTOS = YES_AGGRESSIVE;
				GCC_WARN_UNUSED_FUNCTION = YES;
				GCC_WARN_UNUSED_VARIABLE = YES;
				IPHONEOS_DEPLOYMENT_TARGET = 9.0;
				MTL_ENABLE_DEBUG_INFO = NO;
				MTL_FAST_MATH = YES;
				SDKROOT = iphoneos;
				VALIDATE_PRODUCT = YES;
			};
			name = Release;
		};
		CD6FF17228F5636D0013266F /* Debug */ = {
			isa = XCBuildConfiguration;
			baseConfigurationReference = 5C736E396F1E854A9FFDBD2B /* Pods-EnglishTool.debug.xcconfig */;
			buildSettings = {
				ASSETCATALOG_COMPILER_APPICON_NAME = AppIcon;
				ASSETCATALOG_COMPILER_GLOBAL_ACCENT_COLOR_NAME = AccentColor;
				CODE_SIGN_STYLE = Automatic;
				CURRENT_PROJECT_VERSION = 1;
				DEVELOPMENT_TEAM = 6726N8K77K;
				ENABLE_BITCODE = NO;
				FRAMEWORK_SEARCH_PATHS = (
					"$(inherited)",
					"$(PROJECT_DIR)/Resource",
					"$(PROJECT_DIR)",
				);
				GENERATE_INFOPLIST_FILE = YES;
				INFOPLIST_FILE = EnglishTool/Info.plist;
				INFOPLIST_KEY_NSContactsUsageDescription = "";
				INFOPLIST_KEY_NSLocationAlwaysUsageDescription = "";
				INFOPLIST_KEY_NSLocationUsageDescription = "";
				INFOPLIST_KEY_NSMicrophoneUsageDescription = "";
				INFOPLIST_KEY_UIApplicationSupportsIndirectInputEvents = YES;
				INFOPLIST_KEY_UILaunchStoryboardName = LaunchScreen;
				INFOPLIST_KEY_UIMainStoryboardFile = Main;
				INFOPLIST_KEY_UISupportedInterfaceOrientations_iPad = "UIInterfaceOrientationPortrait UIInterfaceOrientationPortraitUpsideDown UIInterfaceOrientationLandscapeLeft UIInterfaceOrientationLandscapeRight";
				INFOPLIST_KEY_UISupportedInterfaceOrientations_iPhone = "UIInterfaceOrientationPortrait UIInterfaceOrientationLandscapeLeft UIInterfaceOrientationLandscapeRight";
				IPHONEOS_DEPLOYMENT_TARGET = 10.0;
				LD_RUNPATH_SEARCH_PATHS = (
					"$(inherited)",
					"@executable_path/Frameworks",
				);
				MARKETING_VERSION = 1.0;
				PRODUCT_BUNDLE_IDENTIFIER = com.Mob.HeartNote;
				PRODUCT_NAME = "$(TARGET_NAME)";
				SWIFT_EMIT_LOC_STRINGS = YES;
				TARGETED_DEVICE_FAMILY = 1;
			};
			name = Debug;
		};
		CD6FF17328F5636D0013266F /* Release */ = {
			isa = XCBuildConfiguration;
			baseConfigurationReference = 539EF1A23C32B76F2B21DDD7 /* Pods-EnglishTool.release.xcconfig */;
			buildSettings = {
				ASSETCATALOG_COMPILER_APPICON_NAME = AppIcon;
				ASSETCATALOG_COMPILER_GLOBAL_ACCENT_COLOR_NAME = AccentColor;
				CODE_SIGN_STYLE = Automatic;
				CURRENT_PROJECT_VERSION = 1;
				DEVELOPMENT_TEAM = 6726N8K77K;
				ENABLE_BITCODE = NO;
				FRAMEWORK_SEARCH_PATHS = (
					"$(inherited)",
					"$(PROJECT_DIR)/Resource",
					"$(PROJECT_DIR)",
				);
				GENERATE_INFOPLIST_FILE = YES;
				INFOPLIST_FILE = EnglishTool/Info.plist;
				INFOPLIST_KEY_NSContactsUsageDescription = "";
				INFOPLIST_KEY_NSLocationAlwaysUsageDescription = "";
				INFOPLIST_KEY_NSLocationUsageDescription = "";
				INFOPLIST_KEY_NSMicrophoneUsageDescription = "";
				INFOPLIST_KEY_UIApplicationSupportsIndirectInputEvents = YES;
				INFOPLIST_KEY_UILaunchStoryboardName = LaunchScreen;
				INFOPLIST_KEY_UIMainStoryboardFile = Main;
				INFOPLIST_KEY_UISupportedInterfaceOrientations_iPad = "UIInterfaceOrientationPortrait UIInterfaceOrientationPortraitUpsideDown UIInterfaceOrientationLandscapeLeft UIInterfaceOrientationLandscapeRight";
				INFOPLIST_KEY_UISupportedInterfaceOrientations_iPhone = "UIInterfaceOrientationPortrait UIInterfaceOrientationLandscapeLeft UIInterfaceOrientationLandscapeRight";
				IPHONEOS_DEPLOYMENT_TARGET = 10.0;
				LD_RUNPATH_SEARCH_PATHS = (
					"$(inherited)",
					"@executable_path/Frameworks",
				);
				MARKETING_VERSION = 1.0;
				PRODUCT_BUNDLE_IDENTIFIER = com.Mob.HeartNote;
				PRODUCT_NAME = "$(TARGET_NAME)";
				SWIFT_EMIT_LOC_STRINGS = YES;
				TARGETED_DEVICE_FAMILY = 1;
			};
			name = Release;
		};
		CD6FF17528F5636D0013266F /* Debug */ = {
			isa = XCBuildConfiguration;
			buildSettings = {
				BUNDLE_LOADER = "$(TEST_HOST)";
				CODE_SIGN_STYLE = Automatic;
				CURRENT_PROJECT_VERSION = 1;
				GENERATE_INFOPLIST_FILE = YES;
				IPHONEOS_DEPLOYMENT_TARGET = 15.2;
				MARKETING_VERSION = 1.0;
				PRODUCT_BUNDLE_IDENTIFIER = com.english.EnglishTool.EnglishToolTests;
				PRODUCT_NAME = "$(TARGET_NAME)";
				SWIFT_EMIT_LOC_STRINGS = NO;
				TARGETED_DEVICE_FAMILY = "1,2";
				TEST_HOST = "$(BUILT_PRODUCTS_DIR)/EnglishTool.app/EnglishTool";
			};
			name = Debug;
		};
		CD6FF17628F5636D0013266F /* Release */ = {
			isa = XCBuildConfiguration;
			buildSettings = {
				BUNDLE_LOADER = "$(TEST_HOST)";
				CODE_SIGN_STYLE = Automatic;
				CURRENT_PROJECT_VERSION = 1;
				GENERATE_INFOPLIST_FILE = YES;
				IPHONEOS_DEPLOYMENT_TARGET = 15.2;
				MARKETING_VERSION = 1.0;
				PRODUCT_BUNDLE_IDENTIFIER = com.english.EnglishTool.EnglishToolTests;
				PRODUCT_NAME = "$(TARGET_NAME)";
				SWIFT_EMIT_LOC_STRINGS = NO;
				TARGETED_DEVICE_FAMILY = "1,2";
				TEST_HOST = "$(BUILT_PRODUCTS_DIR)/EnglishTool.app/EnglishTool";
			};
			name = Release;
		};
		CD6FF17828F5636D0013266F /* Debug */ = {
			isa = XCBuildConfiguration;
			buildSettings = {
				CODE_SIGN_STYLE = Automatic;
				CURRENT_PROJECT_VERSION = 1;
				GENERATE_INFOPLIST_FILE = YES;
				MARKETING_VERSION = 1.0;
				PRODUCT_BUNDLE_IDENTIFIER = com.english.EnglishTool.EnglishToolUITests;
				PRODUCT_NAME = "$(TARGET_NAME)";
				SWIFT_EMIT_LOC_STRINGS = NO;
				TARGETED_DEVICE_FAMILY = "1,2";
				TEST_TARGET_NAME = EnglishTool;
			};
			name = Debug;
		};
		CD6FF17928F5636D0013266F /* Release */ = {
			isa = XCBuildConfiguration;
			buildSettings = {
				CODE_SIGN_STYLE = Automatic;
				CURRENT_PROJECT_VERSION = 1;
				GENERATE_INFOPLIST_FILE = YES;
				MARKETING_VERSION = 1.0;
				PRODUCT_BUNDLE_IDENTIFIER = com.english.EnglishTool.EnglishToolUITests;
				PRODUCT_NAME = "$(TARGET_NAME)";
				SWIFT_EMIT_LOC_STRINGS = NO;
				TARGETED_DEVICE_FAMILY = "1,2";
				TEST_TARGET_NAME = EnglishTool;
			};
			name = Release;
		};
/* End XCBuildConfiguration section */

/* Begin XCConfigurationList section */
		CD6FF13D28F5636B0013266F /* Build configuration list for PBXProject "EnglishTool" */ = {
			isa = XCConfigurationList;
			buildConfigurations = (
				CD6FF16F28F5636D0013266F /* Debug */,
				CD6FF17028F5636D0013266F /* Release */,
			);
			defaultConfigurationIsVisible = 0;
			defaultConfigurationName = Release;
		};
		CD6FF17128F5636D0013266F /* Build configuration list for PBXNativeTarget "EnglishTool" */ = {
			isa = XCConfigurationList;
			buildConfigurations = (
				CD6FF17228F5636D0013266F /* Debug */,
				CD6FF17328F5636D0013266F /* Release */,
			);
			defaultConfigurationIsVisible = 0;
			defaultConfigurationName = Release;
		};
		CD6FF17428F5636D0013266F /* Build configuration list for PBXNativeTarget "EnglishToolTests" */ = {
			isa = XCConfigurationList;
			buildConfigurations = (
				CD6FF17528F5636D0013266F /* Debug */,
				CD6FF17628F5636D0013266F /* Release */,
			);
			defaultConfigurationIsVisible = 0;
			defaultConfigurationName = Release;
		};
		CD6FF17728F5636D0013266F /* Build configuration list for PBXNativeTarget "EnglishToolUITests" */ = {
			isa = XCConfigurationList;
			buildConfigurations = (
				CD6FF17828F5636D0013266F /* Debug */,
				CD6FF17928F5636D0013266F /* Release */,
			);
			defaultConfigurationIsVisible = 0;
			defaultConfigurationName = Release;
		};
/* End XCConfigurationList section */
	};
	rootObject = CD6FF13A28F5636B0013266F /* Project object */;
}
